
Microsoft Visual Studio Solution File, Format Version 12.00
# Visual Studio Version 17
VisualStudioVersion = 17.8.34309.116
MinimumVisualStudioVersion = 10.0.40219.1
Project("{FAE04EC0-301F-11D3-BF4B-00C04F79EFBC}") = "KayitProgrami", "KayitProgrami\KayitProgrami.csproj", "{5EABF506-2B5A-4164-9AC9-7FAF0AA14DB1}"
EndProject
Global
	GlobalSection(SolutionConfigurationPlatforms) = preSolution
		Debug|Any CPU = Debug|Any CPU
		Release|Any CPU = Release|Any CPU
	EndGlobalSection
	GlobalSection(ProjectConfigurationPlatforms) = postSolution
		{5EABF506-2B5A-4164-9AC9-7FAF0AA14DB1}.Debug|Any CPU.ActiveCfg = Debug|Any CPU
		{5EABF506-2B5A-4164-9AC9-7FAF0AA14DB1}.Debug|Any CPU.Build.0 = Debug|Any CPU
		{5EABF506-2B5A-4164-9AC9-7FAF0AA14DB1}.Release|Any CPU.ActiveCfg = Release|Any CPU
		{5EABF506-2B5A-4164-9AC9-7FAF0AA14DB1}.Release|Any CPU.Build.0 = Release|Any CPU
	EndGlobalSection
	GlobalSection(SolutionProperties) = preSolution
		HideSolutionNode = FALSE
	EndGlobalSection
	GlobalSection(ExtensibilityGlobals) = postSolution
		SolutionGuid = {27A0600F-C705-4354-AB31-362EF3F1ECC4}
	EndGlobalSection
EndGlobal
